
Microsoft Visual Studio Solution File, Format Version 12.00
# Visual Studio Version 16
VisualStudioVersion = 16.0.30523.141
MinimumVisualStudioVersion = 10.0.40219.1
Project("{FAE04EC0-301F-11D3-BF4B-00C04F79EFBC}") = "date-time", "date-time\date-time.csproj", "{D637142D-8807-43DF-8349-EB724C35CBCC}"
EndProject
Global
	GlobalSection(SolutionConfigurationPlatforms) = preSolution
		Debug|Any CPU = Debug|Any CPU
		Release|Any CPU = Release|Any CPU
	EndGlobalSection
	GlobalSection(ProjectConfigurationPlatforms) = postSolution
		{D637142D-8807-43DF-8349-EB724C35CBCC}.Debug|Any CPU.ActiveCfg = Debug|Any CPU
		{D637142D-8807-43DF-8349-EB724C35CBCC}.Debug|Any CPU.Build.0 = Debug|Any CPU
		{D637142D-8807-43DF-8349-EB724C35CBCC}.Release|Any CPU.ActiveCfg = Release|Any CPU
		{D637142D-8807-43DF-8349-EB724C35CBCC}.Release|Any CPU.Build.0 = Release|Any CPU
	EndGlobalSection
	GlobalSection(SolutionProperties) = preSolution
		HideSolutionNode = FALSE
	EndGlobalSection
	GlobalSection(ExtensibilityGlobals) = postSolution
		SolutionGuid = {631DA053-F99C-4DB1-80A2-7B430623974D}
	EndGlobalSection
EndGlobal
